
Microsoft Visual Studio Solution File, Format Version 12.00
# Visual Studio Version 17
VisualStudioVersion = 17.5.33530.505
MinimumVisualStudioVersion = 10.0.40219.1
Project("{FAE04EC0-301F-11D3-BF4B-00C04F79EFBC}") = "NewWalletmanagement", "NewWalletmanagement\NewWalletmanagement.csproj", "{1AF6B4AC-54F7-4B97-B311-31848F30820F}"
EndProject
Project("{2150E333-8FDC-42A3-9474-1A3956D46DE8}") = "API", "API", "{F2C4069C-6111-412A-B4D7-65834EB19140}"
EndProject
Project("{2150E333-8FDC-42A3-9474-1A3956D46DE8}") = "Core", "Core", "{5FA47BE4-8663-4F6A-B7EF-4F9F9E833012}"
EndProject
Project("{2150E333-8FDC-42A3-9474-1A3956D46DE8}") = "Infra", "Infra", "{F9239795-C088-4900-B88F-BB8E8D5A9370}"
EndProject
Project("{FAE04EC0-301F-11D3-BF4B-00C04F79EFBC}") = "WalletManagement.Core.Contract", "WalletManagement.Core.Contract\WalletManagement.Core.Contract.csproj", "{ED63B34B-0FA5-4F9E-9066-A72A8593F57F}"
EndProject
Project("{FAE04EC0-301F-11D3-BF4B-00C04F79EFBC}") = "WalletManagement.Core.Domain", "WalletManagement.Core.Domain\WalletManagement.Core.Domain.csproj", "{0ADB6E3A-495D-4DA4-9A3A-55C1F8F737B1}"
EndProject
Project("{FAE04EC0-301F-11D3-BF4B-00C04F79EFBC}") = "WalletManagement.Core.Services", "WalletManagement.Core.Services\WalletManagement.Core.Services.csproj", "{94398E80-0943-4DCC-99EA-FEA9B9BC11D2}"
EndProject
Project("{FAE04EC0-301F-11D3-BF4B-00C04F79EFBC}") = "WalletManagement.Infra.Contract", "WalletManagement.Infra.Contract\WalletManagement.Infra.Contract.csproj", "{E02F366E-593E-4B00-A69F-62025BAAA96F}"
EndProject
Project("{FAE04EC0-301F-11D3-BF4B-00C04F79EFBC}") = "WalletManagement.Infra.Domain", "WalletManagement.Infra.Domain\WalletManagement.Infra.Domain.csproj", "{48BBCB70-9188-4AF1-9DB1-13DBEDB05324}"
EndProject
Project("{FAE04EC0-301F-11D3-BF4B-00C04F79EFBC}") = "WalletManagement.Infra.Repo", "WalletManagement.Infra.Srvices\WalletManagement.Infra.Repo.csproj", "{86FEE1C7-AA4D-4172-99CF-AB1BDC1C4B9B}"
EndProject
Global
	GlobalSection(SolutionConfigurationPlatforms) = preSolution
		Debug|Any CPU = Debug|Any CPU
		Release|Any CPU = Release|Any CPU
	EndGlobalSection
	GlobalSection(ProjectConfigurationPlatforms) = postSolution
		{1AF6B4AC-54F7-4B97-B311-31848F30820F}.Debug|Any CPU.ActiveCfg = Debug|Any CPU
		{1AF6B4AC-54F7-4B97-B311-31848F30820F}.Debug|Any CPU.Build.0 = Debug|Any CPU
		{1AF6B4AC-54F7-4B97-B311-31848F30820F}.Release|Any CPU.ActiveCfg = Release|Any CPU
		{1AF6B4AC-54F7-4B97-B311-31848F30820F}.Release|Any CPU.Build.0 = Release|Any CPU
		{ED63B34B-0FA5-4F9E-9066-A72A8593F57F}.Debug|Any CPU.ActiveCfg = Debug|Any CPU
		{ED63B34B-0FA5-4F9E-9066-A72A8593F57F}.Debug|Any CPU.Build.0 = Debug|Any CPU
		{ED63B34B-0FA5-4F9E-9066-A72A8593F57F}.Release|Any CPU.ActiveCfg = Release|Any CPU
		{ED63B34B-0FA5-4F9E-9066-A72A8593F57F}.Release|Any CPU.Build.0 = Release|Any CPU
		{0ADB6E3A-495D-4DA4-9A3A-55C1F8F737B1}.Debug|Any CPU.ActiveCfg = Debug|Any CPU
		{0ADB6E3A-495D-4DA4-9A3A-55C1F8F737B1}.Debug|Any CPU.Build.0 = Debug|Any CPU
		{0ADB6E3A-495D-4DA4-9A3A-55C1F8F737B1}.Release|Any CPU.ActiveCfg = Release|Any CPU
		{0ADB6E3A-495D-4DA4-9A3A-55C1F8F737B1}.Release|Any CPU.Build.0 = Release|Any CPU
		{94398E80-0943-4DCC-99EA-FEA9B9BC11D2}.Debug|Any CPU.ActiveCfg = Debug|Any CPU
		{94398E80-0943-4DCC-99EA-FEA9B9BC11D2}.Debug|Any CPU.Build.0 = Debug|Any CPU
		{94398E80-0943-4DCC-99EA-FEA9B9BC11D2}.Release|Any CPU.ActiveCfg = Release|Any CPU
		{94398E80-0943-4DCC-99EA-FEA9B9BC11D2}.Release|Any CPU.Build.0 = Release|Any CPU
		{E02F366E-593E-4B00-A69F-62025BAAA96F}.Debug|Any CPU.ActiveCfg = Debug|Any CPU
		{E02F366E-593E-4B00-A69F-62025BAAA96F}.Debug|Any CPU.Build.0 = Debug|Any CPU
		{E02F366E-593E-4B00-A69F-62025BAAA96F}.Release|Any CPU.ActiveCfg = Release|Any CPU
		{E02F366E-593E-4B00-A69F-62025BAAA96F}.Release|Any CPU.Build.0 = Release|Any CPU
		{48BBCB70-9188-4AF1-9DB1-13DBEDB05324}.Debug|Any CPU.ActiveCfg = Debug|Any CPU
		{48BBCB70-9188-4AF1-9DB1-13DBEDB05324}.Debug|Any CPU.Build.0 = Debug|Any CPU
		{48BBCB70-9188-4AF1-9DB1-13DBEDB05324}.Release|Any CPU.ActiveCfg = Release|Any CPU
		{48BBCB70-9188-4AF1-9DB1-13DBEDB05324}.Release|Any CPU.Build.0 = Release|Any CPU
		{86FEE1C7-AA4D-4172-99CF-AB1BDC1C4B9B}.Debug|Any CPU.ActiveCfg = Debug|Any CPU
		{86FEE1C7-AA4D-4172-99CF-AB1BDC1C4B9B}.Debug|Any CPU.Build.0 = Debug|Any CPU
		{86FEE1C7-AA4D-4172-99CF-AB1BDC1C4B9B}.Release|Any CPU.ActiveCfg = Release|Any CPU
		{86FEE1C7-AA4D-4172-99CF-AB1BDC1C4B9B}.Release|Any CPU.Build.0 = Release|Any CPU
	EndGlobalSection
	GlobalSection(SolutionProperties) = preSolution
		HideSolutionNode = FALSE
	EndGlobalSection
	GlobalSection(NestedProjects) = preSolution
		{1AF6B4AC-54F7-4B97-B311-31848F30820F} = {F2C4069C-6111-412A-B4D7-65834EB19140}
		{ED63B34B-0FA5-4F9E-9066-A72A8593F57F} = {5FA47BE4-8663-4F6A-B7EF-4F9F9E833012}
		{0ADB6E3A-495D-4DA4-9A3A-55C1F8F737B1} = {5FA47BE4-8663-4F6A-B7EF-4F9F9E833012}
		{94398E80-0943-4DCC-99EA-FEA9B9BC11D2} = {5FA47BE4-8663-4F6A-B7EF-4F9F9E833012}
		{E02F366E-593E-4B00-A69F-62025BAAA96F} = {F9239795-C088-4900-B88F-BB8E8D5A9370}
		{48BBCB70-9188-4AF1-9DB1-13DBEDB05324} = {F9239795-C088-4900-B88F-BB8E8D5A9370}
		{86FEE1C7-AA4D-4172-99CF-AB1BDC1C4B9B} = {F9239795-C088-4900-B88F-BB8E8D5A9370}
	EndGlobalSection
	GlobalSection(ExtensibilityGlobals) = postSolution
		SolutionGuid = {61EB41C7-C007-45CF-8318-063CD2AF53E5}
	EndGlobalSection
EndGlobal
